github.com/xo/terminfo v0.0.0-20220910002029-abceb7e1c41e h1:JVG44RsyaB9T2KIHavMF/ppJZNG9ZpyihvCd0w101no=
github.com/zhangyiming748/AVmerger v0.0.21 h1:25DBvVv8QYTVGTWhuo0yKfaM/Xt0u7cMiIbS7dLcask=
github.com/zhangyiming748/AVmerger v0.0.21/go.mod h1:oFBXjGcjroJIgUQCrljWt0zvLq3ODOMF9ihgS5HElko=
github.com/zhangyiming748/GetAllFolder v0.0.13 h1:OoEdyfPIPR96S7sLGTgBDjxoX5494GhrqyyPvzOVHFo=
github.com/zhangyiming748/GetAllFolder v0.0.13/go.mod h1:z9viSIaW+ethFHVr9V//FKGfoKw3XRIxFuPlGNnGkr0=
github.com/zhangyiming748/GetFileInfo v0.0.27 h1:d9YldePHx9ELpd+6Iio80B51rA59M1vl14VP1veaoOU=
github.com/zhangyiming748/GetFileInfo v0.0.27/go.mod h1:DY54KhBwXLn5WRCZ8B3UHKQVUauFqEv0tMcorYT4j7o=
github.com/zhangyiming748/goini v0.0.2 h1:fulHMA/+rPjyzcq+uZ55eFRaYPe71pltUAf8DjLH+BA=
github.com/zhangyiming748/goini v0.0.2/go.mod h1:vVYdpKZOPhJXwzT7eXrooCs1cVxi3A//ox9QQsYRCyY=
github.com/zhangyiming748/pretty v0.0.3 h1:D1/0m0OcQasOhvJZ8ljRPnfhzObar+uNu0dr20rCUrM=
github.com/zhangyiming748/processAudio v0.0.14 h1:TGdm2gD8t3txTz6Xc9o8Zn7Gn1vDlkc4yGOSUghwHxk=
github.com/zhangyiming748/processAudio v0.0.14/go.mod h1:9vcF39F2y52yDs+XPlhG8mjtkUW34SWL7sjNVIdx1hU=
github.com/zhangyiming748/processAudio v0.0.15 h1:zfZ9Utzv77TD8It39eWStSohhLKLS/hhnmCmmToEoRk=
github.com/zhangyiming748/processAudio v0.0.15/go.mod h1:9vcF39F2y52yDs+XPlhG8mjtkUW34SWL7sjNVIdx1hU=
github.com/zhangyiming748/processImage v0.0.24 h1:BF3ks/+SMnNuC06BoXUNWzOAf9hl8HFjS6Z195BYjqE=
github.com/zhangyiming748/processImage v0.0.24/go.mod h1:biGlXE8cHwkkJ/7ZbMrtKhW9VJukZTC0kVWzW6soCZM=
github.com/zhangyiming748/processVideo v0.0.51 h1:T3x3z96J4ikmdcNaV1Mb9PLZLRk1vu7yhRVgwjnQs3Y=
github.com/zhangyiming748/processVideo v0.0.51/go.mod h1:E8tZU77PJqQIjb9EESZq8W4R//dZX9nFj6rhWCVhJR8=
github.com/zhangyiming748/replace v0.0.7 h1:kB0UdaweKwPIXd8EU7T8bj0mBZOmv3pObbSd8ehC5QQ=
github.com/zhangyiming748/replace v0.0.7/go.mod h1:R3otYn+0qxaHOVaz0LafMwoDjhTexJijrLgfcDyOYCQ=
github.com/zhangyiming748/resizeVideo v0.0.16 h1:8VFMM0QlTdb3e0p6CMpLNEkwzkZleYclWPwz1gq6ISk=
github.com/zhangyiming748/resizeVideo v0.0.16/go.mod h1:R5yPYPadr+heFh/fXqxqay/epC266Qd5WndJ45ZCjns=
github.com/zhangyiming748/rotateVideo v0.0.17 h1:zhpZB+BF2PCzilD7/z6TkQeO2Lc8VC3ZyhZ5DNP1eiQ=
github.com/zhangyiming748/rotateVideo v0.0.17/go.mod h1:Lk9xFzg5PHCb2ypMYn1cE7sP2JF3TKZ6fM9UR0A9WiQ=
github.com/zhangyiming748/voiceAlert v0.0.17 h1:PvIBZLx32BnpyITCCbjHUryrcHLFwyJvdDAm5Pt2v9w=
github.com/zhangyiming748/voiceAlert v0.0.17/go.mod h1:66IucO5XroBAd2GSosa+IEMU0qE3GHGfUiBkhZ1Flh4=
golang.org/x/exp v0.0.0-20230321023759-10a507213a29 h1:ooxPy7fPvB4kwsA2h+iBNHkAbp/4JxTSwCmvdjEYmug=
golang.org/x/exp v0.0.0-20230321023759-10a507213a29/go.mod h1:CxIveKay+FTh1D0yPZemJVgC/95VzuuOLq5Qi4xnoYc=
golang.org/x/sys v0.7.0 h1:3jlCCIQZPdOYu1h8BkNvLz8Kgwtae2cagcG/VamtZRU=
golang.org/x/text v0.8.0 h1:57P1ETyNKtuIjB4SRd15iJxuhj8Gc416Y78H3qgMh68=
