github.com/davecgh/go-spew v1.1.1 h1:vj9j/u1bqnvCEfJOwUhtlOARqs3+rkHYY13jYWTU97c=
github.com/pmezard/go-difflib v1.0.0 h1:4DBwDE0NGyQoBHbLQYPwSUPoCMWR5BEzIk/f1lZbAQM=
github.com/stretchr/testify v1.8.1 h1:w7B6lhMri9wdJUVmEZPGGhZzrYTPvgJArz7wNPgYKsk=
github.com/xo/terminfo v0.0.0-20220910002029-abceb7e1c41e h1:JVG44RsyaB9T2KIHavMF/ppJZNG9ZpyihvCd0w101no=
github.com/xo/terminfo v0.0.0-20220910002029-abceb7e1c41e/go.mod h1:RbqR21r5mrJuqunuUZ/Dhy/avygyECGrLceyNeo4LiM=
github.com/zhangyiming748/AVmerger v0.0.22 h1:pgSK9G5FeNYb3EyuMAY94nqXuRhn4pRqeGmatBc2xJ8=
github.com/zhangyiming748/AVmerger v0.0.22/go.mod h1:NOqf8jimsRRJzP3a1OBLdhJmiHZMFR3SLxdbjsv0gX0=
github.com/zhangyiming748/GetAllFolder v0.0.15 h1:7ygbz2A3TXV924xS+D5JK4OEUGg5zx3xPEtQ0bsD23E=
github.com/zhangyiming748/GetAllFolder v0.0.15/go.mod h1:KGbwfCyI+hUrTqwlBFOTGaTJHLsdKQAT2hfLId5bEpM=
github.com/zhangyiming748/GetFileInfo v0.0.35 h1:JZlBQXKL9vkIW7ft46eUZ+wV+czZDXKwfF834qWLJ/M=
github.com/zhangyiming748/GetFileInfo v0.0.35/go.mod h1:2/iOmJVnoB0p68lEhjc5WyFrKye6rjxIYDrsMEorLdI=
github.com/zhangyiming748/goini v0.0.2 h1:fulHMA/+rPjyzcq+uZ55eFRaYPe71pltUAf8DjLH+BA=
github.com/zhangyiming748/goini v0.0.2/go.mod h1:vVYdpKZOPhJXwzT7eXrooCs1cVxi3A//ox9QQsYRCyY=
github.com/zhangyiming748/pretty v0.0.3 h1:D1/0m0OcQasOhvJZ8ljRPnfhzObar+uNu0dr20rCUrM=
github.com/zhangyiming748/pretty v0.0.3/go.mod h1:UNeXtfK5L4hkgUmOgWSUkCpvYmO5pnjwtDM/FiyLOSs=
github.com/zhangyiming748/processAudio v0.0.18 h1:RHxEsbh/3x8Hf69hPXD+GQp/MIq5nzQsrfG5yxI8jGs=
github.com/zhangyiming748/processAudio v0.0.18/go.mod h1:ztReTXmWHWu7XZgd4eTKSbdrTC3IoZo2vNMhsufr9hQ=
github.com/zhangyiming748/processImage v0.0.28 h1:PfWIp0ACO0IefWXF+o9ADPYo603m4is3pUEyR/ZuMgE=
github.com/zhangyiming748/processImage v0.0.28/go.mod h1:yFyqHKO0KyoN4xUceeiEI1/ILxrnAYzXrPtcHnuBaog=
github.com/zhangyiming748/processVideo v0.0.58 h1:2vW5Rp4mKnf9vfzGGpqKpzY1hx+PX4Av9DsVoZWxgkk=
github.com/zhangyiming748/processVideo v0.0.58/go.mod h1:GZNHSAgueY1j/Qf46k85fCMAYGqlXS90IAPhqrzTUAA=
github.com/zhangyiming748/replace v0.0.7 h1:kB0UdaweKwPIXd8EU7T8bj0mBZOmv3pObbSd8ehC5QQ=
github.com/zhangyiming748/replace v0.0.7/go.mod h1:R3otYn+0qxaHOVaz0LafMwoDjhTexJijrLgfcDyOYCQ=
github.com/zhangyiming748/sendEmailAlert v0.0.13 h1:kGWci6nAvqH18j8vwNWlUfKfBJRlceg/lAAsPdMOFC8=
github.com/zhangyiming748/sendEmailAlert v0.0.13/go.mod h1:WsvTtvjlLHWbfK8crTsTxSoSFqFhGejMjFJ4dMC1awk=
github.com/zhangyiming748/voiceAlert v0.0.18 h1:WFxY7V+mdngaKaVliJsmxA+I0tfP8uia+Sy/XgwHJoI=
github.com/zhangyiming748/voiceAlert v0.0.18/go.mod h1:6l1HiM/P+7/LsE1HRtr2Q+nhtYITMWHWgk6QNjRYb5U=
golang.org/x/exp v0.0.0-20230522175609-2e198f4a06a1 h1:k/i9J1pBpvlfR+9QsetwPyERsqu1GIbi967PQMq3Ivc=
golang.org/x/exp v0.0.0-20230522175609-2e198f4a06a1/go.mod h1:V1LtkGg67GoY2N1AnLN78QLrzxkLyJw7RJb1gzOOz9w=
golang.org/x/sys v0.8.0 h1:EBmGv8NaZBZTWvrbjNoL6HVt+IVy3QDQpJs7VRIw3tU=
golang.org/x/sys v0.8.0/go.mod h1:oPkhp1MJrh7nUepCBck5+mAzfO9JrbApNNgaTdGDITg=
golang.org/x/text v0.9.0 h1:2sjJmO8cDvYveuX97RDLsxlyUxLl+GHoLxBiRdHllBE=
golang.org/x/text v0.9.0/go.mod h1:e1OnstbJyHTd6l/uOt8jFFHp6TRDWZR/bV3emEE/zU8=
gopkg.in/alexcesaro/quotedprintable.v3 v3.0.0-20150716171945-2caba252f4dc h1:2gGKlE2+asNV9m7xrywl36YYNnBG5ZQ0r/BOOxqPpmk=
gopkg.in/alexcesaro/quotedprintable.v3 v3.0.0-20150716171945-2caba252f4dc/go.mod h1:m7x9LTH6d71AHyAX77c9yqWCCa3UKHcVEj9y7hAtKDk=
gopkg.in/gomail.v2 v2.0.0-20160411212932-81ebce5c23df h1:n7WqCuqOuCbNr617RXOY0AWRXxgwEyPp2z+p0+hgMuE=
gopkg.in/gomail.v2 v2.0.0-20160411212932-81ebce5c23df/go.mod h1:LRQQ+SO6ZHR7tOkpBDuZnXENFzX8qRjMDMyPD6BRkCw=
gopkg.in/yaml.v3 v3.0.1 h1:fxVm/GzAzEWqLHuvctI91KS9hhNmmWOoWu0XTYJS7CA=
